{
  "requires": true,
  "lockfileVersion": 1,
  "dependencies": {
    "makam": {
      "version": "0.7.40",
      "resolved": "https://registry.npmjs.org/makam/-/makam-0.7.40.tgz",
      "integrity": "sha512-EfuAPhLvKuN2ruOqyDpG8epeaDzAKg/6K5BgaDMaivJ9+DC84eI7PsluBYe01cuEJGaOoQCtO2mGKwMy7o2DNw=="
    }
  }
}
